// !$*UTF8*$!
{
	archiveVersion = 1;
	classes = {
	};
	objectVersion = 50;
	objects = {

/* Begin PBXBuildFile section */
		5D1A0E922311255C0006BE65 /* NewsArticle.swift in Sources */ = {isa = PBXBuildFile; fileRef = 5D1A0E912311255C0006BE65 /* NewsArticle.swift */; };
		5D230C82231045760085CDBC /* AppDelegate.swift in Sources */ = {isa = PBXBuildFile; fileRef = 5D230C81231045760085CDBC /* AppDelegate.swift */; };
		5D230C84231045760085CDBC /* ViewController.swift in Sources */ = {isa = PBXBuildFile; fileRef = 5D230C83231045760085CDBC /* ViewController.swift */; };
		5D230C87231045760085CDBC /* Main.storyboard in Resources */ = {isa = PBXBuildFile; fileRef = 5D230C85231045760085CDBC /* Main.storyboard */; };
		5D230C8C231045770085CDBC /* Assets.xcassets in Resources */ = {isa = PBXBuildFile; fileRef = 5D230C8B231045770085CDBC /* Assets.xcassets */; };
		5D230C8F231045770085CDBC /* LaunchScreen.storyboard in Resources */ = {isa = PBXBuildFile; fileRef = 5D230C8D231045770085CDBC /* LaunchScreen.storyboard */; };
		5D230C97231048D40085CDBC /* NewsFetchManager.swift in Sources */ = {isa = PBXBuildFile; fileRef = 5D230C96231048D40085CDBC /* NewsFetchManager.swift */; };
		5D230C99231048F10085CDBC /* CustomTableViewCell.swift in Sources */ = {isa = PBXBuildFile; fileRef = 5D230C98231048F10085CDBC /* CustomTableViewCell.swift */; };
		5D230C9B231059720085CDBC /* FiltersTableViewController.swift in Sources */ = {isa = PBXBuildFile; fileRef = 5D230C9A231059720085CDBC /* FiltersTableViewController.swift */; };
		E2E105EF00A2A41F9544C3E4 /* Pods_TestWorkNewsApp.framework in Frameworks */ = {isa = PBXBuildFile; fileRef = 095B3D8E201C449018AF1945 /* Pods_TestWorkNewsApp.framework */; };
/* End PBXBuildFile section */

/* Begin PBXFileReference section */
		095B3D8E201C449018AF1945 /* Pods_TestWorkNewsApp.framework */ = {isa = PBXFileReference; explicitFileType = wrapper.framework; includeInIndex = 0; path = Pods_TestWorkNewsApp.framework; sourceTree = BUILT_PRODUCTS_DIR; };
		5D1A0E912311255C0006BE65 /* NewsArticle.swift */ = {isa = PBXFileReference; lastKnownFileType = sourcecode.swift; path = NewsArticle.swift; sourceTree = "<group>"; };
		5D230C7E231045760085CDBC /* TestWorkNewsApp.app */ = {isa = PBXFileReference; explicitFileType = wrapper.application; includeInIndex = 0; path = TestWorkNewsApp.app; sourceTree = BUILT_PRODUCTS_DIR; };
		5D230C81231045760085CDBC /* AppDelegate.swift */ = {isa = PBXFileReference; lastKnownFileType = sourcecode.swift; path = AppDelegate.swift; sourceTree = "<group>"; };
		5D230C83231045760085CDBC /* ViewController.swift */ = {isa = PBXFileReference; lastKnownFileType = sourcecode.swift; path = ViewController.swift; sourceTree = "<group>"; };
		5D230C86231045760085CDBC /* Base */ = {isa = PBXFileReference; lastKnownFileType = file.storyboard; name = Base; path = Base.lproj/Main.storyboard; sourceTree = "<group>"; };
		5D230C8B231045770085CDBC /* Assets.xcassets */ = {isa = PBXFileReference; lastKnownFileType = folder.assetcatalog; path = Assets.xcassets; sourceTree = "<group>"; };
		5D230C8E231045770085CDBC /* Base */ = {isa = PBXFileReference; lastKnownFileType = file.storyboard; name = Base; path = Base.lproj/LaunchScreen.storyboard; sourceTree = "<group>"; };
		5D230C90231045770085CDBC /* Info.plist */ = {isa = PBXFileReference; lastKnownFileType = text.plist.xml; path = Info.plist; sourceTree = "<group>"; };
		5D230C96231048D40085CDBC /* NewsFetchManager.swift */ = {isa = PBXFileReference; lastKnownFileType = sourcecode.swift; path = NewsFetchManager.swift; sourceTree = "<group>"; };
		5D230C98231048F10085CDBC /* CustomTableViewCell.swift */ = {isa = PBXFileReference; lastKnownFileType = sourcecode.swift; path = CustomTableViewCell.swift; sourceTree = "<group>"; };
		5D230C9A231059720085CDBC /* FiltersTableViewController.swift */ = {isa = PBXFileReference; lastKnownFileType = sourcecode.swift; path = FiltersTableViewController.swift; sourceTree = "<group>"; };
		9DD1E1350C7BC39C5CD431F5 /* Pods-TestWorkNewsApp.release.xcconfig */ = {isa = PBXFileReference; includeInIndex = 1; lastKnownFileType = text.xcconfig; name = "Pods-TestWorkNewsApp.release.xcconfig"; path = "Pods/Target Support Files/Pods-TestWorkNewsApp/Pods-TestWorkNewsApp.release.xcconfig"; sourceTree = "<group>"; };
		F209068D11E400D0BB61195C /* Pods-TestWorkNewsApp.debug.xcconfig */ = {isa = PBXFileReference; includeInIndex = 1; lastKnownFileType = text.xcconfig; name = "Pods-TestWorkNewsApp.debug.xcconfig"; path = "Pods/Target Support Files/Pods-TestWorkNewsApp/Pods-TestWorkNewsApp.debug.xcconfig"; sourceTree = "<group>"; };
/* End PBXFileReference section */

/* Begin PBXFrameworksBuildPhase section */
		5D230C7B231045760085CDBC /* Frameworks */ = {
			isa = PBXFrameworksBuildPhase;
			buildActionMask = 2147483647;
			files = (
				E2E105EF00A2A41F9544C3E4 /* Pods_TestWorkNewsApp.framework in Frameworks */,
			);
			runOnlyForDeploymentPostprocessing = 0;
		};
/* End PBXFrameworksBuildPhase section */

/* Begin PBXGroup section */
		515BF765EA5FC077C845A7DD /* Pods */ = {
			isa = PBXGroup;
			children = (
				F209068D11E400D0BB61195C /* Pods-TestWorkNewsApp.debug.xcconfig */,
				9DD1E1350C7BC39C5CD431F5 /* Pods-TestWorkNewsApp.release.xcconfig */,
			);
			name = Pods;
			sourceTree = "<group>";
		};
		5D230C75231045760085CDBC = {
			isa = PBXGroup;
			children = (
				5D230C80231045760085CDBC /* TestWorkNewsApp */,
				5D230C7F231045760085CDBC /* Products */,
				515BF765EA5FC077C845A7DD /* Pods */,
				6DD42765AB476BE35EEE7AF1 /* Frameworks */,
			);
			sourceTree = "<group>";
		};
		5D230C7F231045760085CDBC /* Products */ = {
			isa = PBXGroup;
			children = (
				5D230C7E231045760085CDBC /* TestWorkNewsApp.app */,
			);
			name = Products;
			sourceTree = "<group>";
		};
		5D230C80231045760085CDBC /* TestWorkNewsApp */ = {
			isa = PBXGroup;
			children = (
				5D230C81231045760085CDBC /* AppDelegate.swift */,
				5D230C96231048D40085CDBC /* NewsFetchManager.swift */,
				5D1A0E912311255C0006BE65 /* NewsArticle.swift */,
				5D230C83231045760085CDBC /* ViewController.swift */,
				5D230C98231048F10085CDBC /* CustomTableViewCell.swift */,
				5D230C9A231059720085CDBC /* FiltersTableViewController.swift */,
				5D230C85231045760085CDBC /* Main.storyboard */,
				5D230C8B231045770085CDBC /* Assets.xcassets */,
				5D230C8D231045770085CDBC /* LaunchScreen.storyboard */,
				5D230C90231045770085CDBC /* Info.plist */,
			);
			path = TestWorkNewsApp;
			sourceTree = "<group>";
		};
		6DD42765AB476BE35EEE7AF1 /* Frameworks */ = {
			isa = PBXGroup;
			children = (
				095B3D8E201C449018AF1945 /* Pods_TestWorkNewsApp.framework */,
			);
			name = Frameworks;
			sourceTree = "<group>";
		};
/* End PBXGroup section */

/* Begin PBXNativeTarget section */
		5D230C7D231045760085CDBC /* TestWorkNewsApp */ = {
			isa = PBXNativeTarget;
			buildConfigurationList = 5D230C93231045770085CDBC /* Build configuration list for PBXNativeTarget "TestWorkNewsApp" */;
			buildPhases = (
				3214FD670B738A6B02EE336D /* [CP] Check Pods Manifest.lock */,
				5D230C7A231045760085CDBC /* Sources */,
				5D230C7B231045760085CDBC /* Frameworks */,
				5D230C7C231045760085CDBC /* Resources */,
				243CD68AAAE773E71EFCD818 /* [CP] Embed Pods Frameworks */,
			);
			buildRules = (
			);
			dependencies = (
			);
			name = TestWorkNewsApp;
			productName = TestWorkNewsApp;
			productReference = 5D230C7E231045760085CDBC /* TestWorkNewsApp.app */;
			productType = "com.apple.product-type.application";
		};
/* End PBXNativeTarget section */

/* Begin PBXProject section */
		5D230C76231045760085CDBC /* Project object */ = {
			isa = PBXProject;
			attributes = {
				LastSwiftUpdateCheck = 1030;
				LastUpgradeCheck = 1030;
				ORGANIZATIONNAME = Anastasia;
				TargetAttributes = {
					5D230C7D231045760085CDBC = {
						CreatedOnToolsVersion = 10.3;
					};
				};
			};
			buildConfigurationList = 5D230C79231045760085CDBC /* Build configuration list for PBXProject "TestWorkNewsApp" */;
			compatibilityVersion = "Xcode 9.3";
			developmentRegion = en;
			hasScannedForEncodings = 0;
			knownRegions = (
				en,
				Base,
			);
			mainGroup = 5D230C75231045760085CDBC;
			productRefGroup = 5D230C7F231045760085CDBC /* Products */;
			projectDirPath = "";
			projectRoot = "";
			targets = (
				5D230C7D231045760085CDBC /* TestWorkNewsApp */,
			);
		};
/* End PBXProject section */

/* Begin PBXResourcesBuildPhase section */
		5D230C7C231045760085CDBC /* Resources */ = {
			isa = PBXResourcesBuildPhase;
			buildActionMask = 2147483647;
			files = (
				5D230C8F231045770085CDBC /* LaunchScreen.storyboard in Resources */,
				5D230C8C231045770085CDBC /* Assets.xcassets in Resources */,
				5D230C87231045760085CDBC /* Main.storyboard in Resources */,
			);
			runOnlyForDeploymentPostprocessing = 0;
		};
/* End PBXResourcesBuildPhase section */

/* Begin PBXShellScriptBuildPhase section */
		243CD68AAAE773E71EFCD818 /* [CP] Embed Pods Frameworks */ = {
			isa = PBXShellScriptBuildPhase;
			buildActionMask = 2147483647;
			files = (
			);
			inputFileListPaths = (
			);
			inputPaths = (
				"${SRCROOT}/Pods/Target Support Files/Pods-TestWorkNewsApp/Pods-TestWorkNewsApp-frameworks.sh",
				"${BUILT_PRODUCTS_DIR}/Alamofire/Alamofire.framework",
				"${BUILT_PRODUCTS_DIR}/SDWebImage/SDWebImage.framework",
				"${BUILT_PRODUCTS_DIR}/SwiftyJSON/SwiftyJSON.framework",
			);
			name = "[CP] Embed Pods Frameworks";
			outputFileListPaths = (
			);
			outputPaths = (
				"${TARGET_BUILD_DIR}/${FRAMEWORKS_FOLDER_PATH}/Alamofire.framework",
				"${TARGET_BUILD_DIR}/${FRAMEWORKS_FOLDER_PATH}/SDWebImage.framework",
				"${TARGET_BUILD_DIR}/${FRAMEWORKS_FOLDER_PATH}/SwiftyJSON.framework",
			);
			runOnlyForDeploymentPostprocessing = 0;
			shellPath = /bin/sh;
			shellScript = "\"${SRCROOT}/Pods/Target Support Files/Pods-TestWorkNewsApp/Pods-TestWorkNewsApp-frameworks.sh\"\n";
			showEnvVarsInLog = 0;
		};
		3214FD670B738A6B02EE336D /* [CP] Check Pods Manifest.lock */ = {
			isa = PBXShellScriptBuildPhase;
			buildActionMask = 2147483647;
			files = (
			);
			inputFileListPaths = (
			);
			inputPaths = (
				"${PODS_PODFILE_DIR_PATH}/Podfile.lock",
				"${PODS_ROOT}/Manifest.lock",
			);
			name = "[CP] Check Pods Manifest.lock";
			outputFileListPaths = (
			);
			outputPaths = (
				"$(DERIVED_FILE_DIR)/Pods-TestWorkNewsApp-checkManifestLockResult.txt",
			);
			runOnlyForDeploymentPostprocessing = 0;
			shellPath = /bin/sh;
			shellScript = "diff \"${PODS_PODFILE_DIR_PATH}/Podfile.lock\" \"${PODS_ROOT}/Manifest.lock\" > /dev/null\nif [ $? != 0 ] ; then\n    # print error to STDERR\n    echo \"error: The sandbox is not in sync with the Podfile.lock. Run 'pod install' or update your CocoaPods installation.\" >&2\n    exit 1\nfi\n# This output is used by Xcode 'outputs' to avoid re-running this script phase.\necho \"SUCCESS\" > \"${SCRIPT_OUTPUT_FILE_0}\"\n";
			showEnvVarsInLog = 0;
		};
/* End PBXShellScriptBuildPhase section */

/* Begin PBXSourcesBuildPhase section */
		5D230C7A231045760085CDBC /* Sources */ = {
			isa = PBXSourcesBuildPhase;
			buildActionMask = 2147483647;
			files = (
				5D1A0E922311255C0006BE65 /* NewsArticle.swift in Sources */,
				5D230C9B231059720085CDBC /* FiltersTableViewController.swift in Sources */,
				5D230C99231048F10085CDBC /* CustomTableViewCell.swift in Sources */,
				5D230C84231045760085CDBC /* ViewController.swift in Sources */,
				5D230C82231045760085CDBC /* AppDelegate.swift in Sources */,
				5D230C97231048D40085CDBC /* NewsFetchManager.swift in Sources */,
			);
			runOnlyForDeploymentPostprocessing = 0;
		};
/* End PBXSourcesBuildPhase section */

/* Begin PBXVariantGroup section */
		5D230C85231045760085CDBC /* Main.storyboard */ = {
			isa = PBXVariantGroup;
			children = (
				5D230C86231045760085CDBC /* Base */,
			);
			name = Main.storyboard;
			sourceTree = "<group>";
		};
		5D230C8D231045770085CDBC /* LaunchScreen.storyboard */ = {
			isa = PBXVariantGroup;
			children = (
				5D230C8E231045770085CDBC /* Base */,
			);
			name = LaunchScreen.storyboard;
			sourceTree = "<group>";
		};
/* End PBXVariantGroup section */

/* Begin XCBuildConfiguration section */
		5D230C91231045770085CDBC /* Debug */ = {
			isa = XCBuildConfiguration;
			buildSettings = {
				ALWAYS_SEARCH_USER_PATHS = NO;
				CLANG_ANALYZER_NONNULL = YES;
				CLANG_ANALYZER_NUMBER_OBJECT_CONVERSION = YES_AGGRESSIVE;
				CLANG_CXX_LANGUAGE_STANDARD = "gnu++14";
				CLANG_CXX_LIBRARY = "libc++";
				CLANG_ENABLE_MODULES = YES;
				CLANG_ENABLE_OBJC_ARC = YES;
				CLANG_ENABLE_OBJC_WEAK = YES;
				CLANG_WARN_BLOCK_CAPTURE_AUTORELEASING = YES;
				CLANG_WARN_BOOL_CONVERSION = YES;
				CLANG_WARN_COMMA = YES;
				CLANG_WARN_CONSTANT_CONVERSION = YES;
				CLANG_WARN_DEPRECATED_OBJC_IMPLEMENTATIONS = YES;
				CLANG_WARN_DIRECT_OBJC_ISA_USAGE = YES_ERROR;
				CLANG_WARN_DOCUMENTATION_COMMENTS = YES;
				CLANG_WARN_EMPTY_BODY = YES;
				CLANG_WARN_ENUM_CONVERSION = YES;
				CLANG_WARN_INFINITE_RECURSION = YES;
				CLANG_WARN_INT_CONVERSION = YES;
				CLANG_WARN_NON_LITERAL_NULL_CONVERSION = YES;
				CLANG_WARN_OBJC_IMPLICIT_RETAIN_SELF = YES;
				CLANG_WARN_OBJC_LITERAL_CONVERSION = YES;
				CLANG_WARN_OBJC_ROOT_CLASS = YES_ERROR;
				CLANG_WARN_RANGE_LOOP_ANALYSIS = YES;
				CLANG_WARN_STRICT_PROTOTYPES = YES;
				CLANG_WARN_SUSPICIOUS_MOVE = YES;
				CLANG_WARN_UNGUARDED_AVAILABILITY = YES_AGGRESSIVE;
				CLANG_WARN_UNREACHABLE_CODE = YES;
				CLANG_WARN__DUPLICATE_METHOD_MATCH = YES;
				CODE_SIGN_IDENTITY = "iPhone Developer";
				COPY_PHASE_STRIP = NO;
				DEBUG_INFORMATION_FORMAT = dwarf;
				ENABLE_STRICT_OBJC_MSGSEND = YES;
				ENABLE_TESTABILITY = YES;
				GCC_C_LANGUAGE_STANDARD = gnu11;
				GCC_DYNAMIC_NO_PIC = NO;
				GCC_NO_COMMON_BLOCKS = YES;
				GCC_OPTIMIZATION_LEVEL = 0;
				GCC_PREPROCESSOR_DEFINITIONS = (
					"DEBUG=1",
					"$(inherited)",
				);
				GCC_WARN_64_TO_32_BIT_CONVERSION = YES;
				GCC_WARN_ABOUT_RETURN_TYPE = YES_ERROR;
				GCC_WARN_UNDECLARED_SELECTOR = YES;
				GCC_WARN_UNINITIALIZED_AUTOS = YES_AGGRESSIVE;
				GCC_WARN_UNUSED_FUNCTION = YES;
				GCC_WARN_UNUSED_VARIABLE = YES;
				IPHONEOS_DEPLOYMENT_TARGET = 12.4;
				MTL_ENABLE_DEBUG_INFO = INCLUDE_SOURCE;
				MTL_FAST_MATH = YES;
				ONLY_ACTIVE_ARCH = YES;
				SDKROOT = iphoneos;
				SWIFT_ACTIVE_COMPILATION_CONDITIONS = DEBUG;
				SWIFT_OPTIMIZATION_LEVEL = "-Onone";
			};
			name = Debug;
		};
		5D230C92231045770085CDBC /* Release */ = {
			isa = XCBuildConfiguration;
			buildSettings = {
				ALWAYS_SEARCH_USER_PATHS = NO;
				CLANG_ANALYZER_NONNULL = YES;
				CLANG_ANALYZER_NUMBER_OBJECT_CONVERSION = YES_AGGRESSIVE;
				CLANG_CXX_LANGUAGE_STANDARD = "gnu++14";
				CLANG_CXX_LIBRARY = "libc++";
				CLANG_ENABLE_MODULES = YES;
				CLANG_ENABLE_OBJC_ARC = YES;
				CLANG_ENABLE_OBJC_WEAK = YES;
				CLANG_WARN_BLOCK_CAPTURE_AUTORELEASING = YES;
				CLANG_WARN_BOOL_CONVERSION = YES;
				CLANG_WARN_COMMA = YES;
				CLANG_WARN_CONSTANT_CONVERSION = YES;
				CLANG_WARN_DEPRECATED_OBJC_IMPLEMENTATIONS = YES;
				CLANG_WARN_DIRECT_OBJC_ISA_USAGE = YES_ERROR;
				CLANG_WARN_DOCUMENTATION_COMMENTS = YES;
				CLANG_WARN_EMPTY_BODY = YES;
				CLANG_WARN_ENUM_CONVERSION = YES;
				CLANG_WARN_INFINITE_RECURSION = YES;
				CLANG_WARN_INT_CONVERSION = YES;
				CLANG_WARN_NON_LITERAL_NULL_CONVERSION = YES;
				CLANG_WARN_OBJC_IMPLICIT_RETAIN_SELF = YES;
				CLANG_WARN_OBJC_LITERAL_CONVERSION = YES;
				CLANG_WARN_OBJC_ROOT_CLASS = YES_ERROR;
				CLANG_WARN_RANGE_LOOP_ANALYSIS = YES;
				CLANG_WARN_STRICT_PROTOTYPES = YES;
				CLANG_WARN_SUSPICIOUS_MOVE = YES;
				CLANG_WARN_UNGUARDED_AVAILABILITY = YES_AGGRESSIVE;
				CLANG_WARN_UNREACHABLE_CODE = YES;
				CLANG_WARN__DUPLICATE_METHOD_MATCH = YES;
				CODE_SIGN_IDENTITY = "iPhone Developer";
				COPY_PHASE_STRIP = NO;
				DEBUG_INFORMATION_FORMAT = "dwarf-with-dsym";
				ENABLE_NS_ASSERTIONS = NO;
				ENABLE_STRICT_OBJC_MSGSEND = YES;
				GCC_C_LANGUAGE_STANDARD = gnu11;
				GCC_NO_COMMON_BLOCKS = YES;
				GCC_WARN_64_TO_32_BIT_CONVERSION = YES;
				GCC_WARN_ABOUT_RETURN_TYPE = YES_ERROR;
				GCC_WARN_UNDECLARED_SELECTOR = YES;
				GCC_WARN_UNINITIALIZED_AUTOS = YES_AGGRESSIVE;
				GCC_WARN_UNUSED_FUNCTION = YES;
				GCC_WARN_UNUSED_VARIABLE = YES;
				IPHONEOS_DEPLOYMENT_TARGET = 12.4;
				MTL_ENABLE_DEBUG_INFO = NO;
				MTL_FAST_MATH = YES;
				SDKROOT = iphoneos;
				SWIFT_COMPILATION_MODE = wholemodule;
				SWIFT_OPTIMIZATION_LEVEL = "-O";
				VALIDATE_PRODUCT = YES;
			};
			name = Release;
		};
		5D230C94231045770085CDBC /* Debug */ = {
			isa = XCBuildConfiguration;
			baseConfigurationReference = F209068D11E400D0BB61195C /* Pods-TestWorkNewsApp.debug.xcconfig */;
			buildSettings = {
				ASSETCATALOG_COMPILER_APPICON_NAME = AppIcon;
				CODE_SIGN_STYLE = Automatic;
				DEVELOPMENT_TEAM = GFND22BGQD;
				INFOPLIST_FILE = TestWorkNewsApp/Info.plist;
				LD_RUNPATH_SEARCH_PATHS = (
					"$(inherited)",
					"@executable_path/Frameworks",
				);
				PRODUCT_BUNDLE_IDENTIFIER = graytony.TestWorkNewsApp;
				PRODUCT_NAME = "$(TARGET_NAME)";
				SWIFT_VERSION = 5.0;
				TARGETED_DEVICE_FAMILY = "1,2";
			};
			name = Debug;
		};
		5D230C95231045770085CDBC /* Release */ = {
			isa = XCBuildConfiguration;
			baseConfigurationReference = 9DD1E1350C7BC39C5CD431F5 /* Pods-TestWorkNewsApp.release.xcconfig */;
			buildSettings = {
				ASSETCATALOG_COMPILER_APPICON_NAME = AppIcon;
				CODE_SIGN_STYLE = Automatic;
				DEVELOPMENT_TEAM = GFND22BGQD;
				INFOPLIST_FILE = TestWorkNewsApp/Info.plist;
				LD_RUNPATH_SEARCH_PATHS = (
					"$(inherited)",
					"@executable_path/Frameworks",
				);
				PRODUCT_BUNDLE_IDENTIFIER = graytony.TestWorkNewsApp;
				PRODUCT_NAME = "$(TARGET_NAME)";
				SWIFT_VERSION = 5.0;
				TARGETED_DEVICE_FAMILY = "1,2";
			};
			name = Release;
		};
/* End XCBuildConfiguration section */

/* Begin XCConfigurationList section */
		5D230C79231045760085CDBC /* Build configuration list for PBXProject "TestWorkNewsApp" */ = {
			isa = XCConfigurationList;
			buildConfigurations = (
				5D230C91231045770085CDBC /* Debug */,
				5D230C92231045770085CDBC /* Release */,
			);
			defaultConfigurationIsVisible = 0;
			defaultConfigurationName = Release;
		};
		5D230C93231045770085CDBC /* Build configuration list for PBXNativeTarget "TestWorkNewsApp" */ = {
			isa = XCConfigurationList;
			buildConfigurations = (
				5D230C94231045770085CDBC /* Debug */,
				5D230C95231045770085CDBC /* Release */,
			);
			defaultConfigurationIsVisible = 0;
			defaultConfigurationName = Release;
		};
/* End XCConfigurationList section */
	};
	rootObject = 5D230C76231045760085CDBC /* Project object */;
}
